// !$*UTF8*$!
{
	archiveVersion = 1;
	classes = {
	};
	objectVersion = 50;
	objects = {

/* Begin PBXBuildFile section */
		E186C3822270134C004442BB /* AppDelegate.swift in Sources */ = {isa = PBXBuildFile; fileRef = E186C3812270134C004442BB /* AppDelegate.swift */; };
		E186C3842270134C004442BB /* ViewController.swift in Sources */ = {isa = PBXBuildFile; fileRef = E186C3832270134C004442BB /* ViewController.swift */; };
		E186C3872270134C004442BB /* Main.storyboard in Resources */ = {isa = PBXBuildFile; fileRef = E186C3852270134C004442BB /* Main.storyboard */; };
		E186C3892270134D004442BB /* Assets.xcassets in Resources */ = {isa = PBXBuildFile; fileRef = E186C3882270134D004442BB /* Assets.xcassets */; };
		E186C38C2270134D004442BB /* LaunchScreen.storyboard in Resources */ = {isa = PBXBuildFile; fileRef = E186C38A2270134D004442BB /* LaunchScreen.storyboard */; };
		E186C3972270134D004442BB /* testTests.swift in Sources */ = {isa = PBXBuildFile; fileRef = E186C3962270134D004442BB /* testTests.swift */; };
		E186C3A22270134E004442BB /* testUITests.swift in Sources */ = {isa = PBXBuildFile; fileRef = E186C3A12270134E004442BB /* testUITests.swift */; };
		E186C3B02270139A004442BB /* sub2.swift in Sources */ = {isa = PBXBuildFile; fileRef = E186C3AF2270139A004442BB /* sub2.swift */; };
/* End PBXBuildFile section */

/* Begin PBXContainerItemProxy section */
		E186C3932270134D004442BB /* PBXContainerItemProxy */ = {
			isa = PBXContainerItemProxy;
			containerPortal = E186C3762270134C004442BB /* Project object */;
			proxyType = 1;
			remoteGlobalIDString = E186C37D2270134C004442BB;
			remoteInfo = test;
		};
		E186C39E2270134D004442BB /* PBXContainerItemProxy */ = {
			isa = PBXContainerItemProxy;
			containerPortal = E186C3762270134C004442BB /* Project object */;
			proxyType = 1;
			remoteGlobalIDString = E186C37D2270134C004442BB;
			remoteInfo = test;
		};
/* End PBXContainerItemProxy section */

/* Begin PBXFileReference section */
		E186C37E2270134C004442BB /* test.app */ = {isa = PBXFileReference; explicitFileType = wrapper.application; includeInIndex = 0; path = test.app; sourceTree = BUILT_PRODUCTS_DIR; };
		E186C3812270134C004442BB /* AppDelegate.swift */ = {isa = PBXFileReference; lastKnownFileType = sourcecode.swift; path = AppDelegate.swift; sourceTree = "<group>"; };
		E186C3832270134C004442BB /* ViewController.swift */ = {isa = PBXFileReference; lastKnownFileType = sourcecode.swift; path = ViewController.swift; sourceTree = "<group>"; };
		E186C3862270134C004442BB /* Base */ = {isa = PBXFileReference; lastKnownFileType = file.storyboard; name = Base; path = Base.lproj/Main.storyboard; sourceTree = "<group>"; };
		E186C3882270134D004442BB /* Assets.xcassets */ = {isa = PBXFileReference; lastKnownFileType = folder.assetcatalog; path = Assets.xcassets; sourceTree = "<group>"; };
		E186C38B2270134D004442BB /* Base */ = {isa = PBXFileReference; lastKnownFileType = file.storyboard; name = Base; path = Base.lproj/LaunchScreen.storyboard; sourceTree = "<group>"; };
		E186C38D2270134D004442BB /* Info.plist */ = {isa = PBXFileReference; lastKnownFileType = text.plist.xml; path = Info.plist; sourceTree = "<group>"; };
		E186C3922270134D004442BB /* testTests.xctest */ = {isa = PBXFileReference; explicitFileType = wrapper.cfbundle; includeInIndex = 0; path = testTests.xctest; sourceTree = BUILT_PRODUCTS_DIR; };
		E186C3962270134D004442BB /* testTests.swift */ = {isa = PBXFileReference; lastKnownFileType = sourcecode.swift; path = testTests.swift; sourceTree = "<group>"; };
		E186C3982270134D004442BB /* Info.plist */ = {isa = PBXFileReference; lastKnownFileType = text.plist.xml; path = Info.plist; sourceTree = "<group>"; };
		E186C39D2270134D004442BB /* testUITests.xctest */ = {isa = PBXFileReference; explicitFileType = wrapper.cfbundle; includeInIndex = 0; path = testUITests.xctest; sourceTree = BUILT_PRODUCTS_DIR; };
		E186C3A12270134E004442BB /* testUITests.swift */ = {isa = PBXFileReference; lastKnownFileType = sourcecode.swift; path = testUITests.swift; sourceTree = "<group>"; };
		E186C3A32270134E004442BB /* Info.plist */ = {isa = PBXFileReference; lastKnownFileType = text.plist.xml; path = Info.plist; sourceTree = "<group>"; };
		E186C3AF2270139A004442BB /* sub2.swift */ = {isa = PBXFileReference; lastKnownFileType = sourcecode.swift; path = sub2.swift; sourceTree = "<group>"; };
/* End PBXFileReference section */

/* Begin PBXFrameworksBuildPhase section */
		E186C37B2270134C004442BB /* Frameworks */ = {
			isa = PBXFrameworksBuildPhase;
			buildActionMask = 2147483647;
			files = (
			);
			runOnlyForDeploymentPostprocessing = 0;
		};
		E186C38F2270134D004442BB /* Frameworks */ = {
			isa = PBXFrameworksBuildPhase;
			buildActionMask = 2147483647;
			files = (
			);
			runOnlyForDeploymentPostprocessing = 0;
		};
		E186C39A2270134D004442BB /* Frameworks */ = {
			isa = PBXFrameworksBuildPhase;
			buildActionMask = 2147483647;
			files = (
			);
			runOnlyForDeploymentPostprocessing = 0;
		};
/* End PBXFrameworksBuildPhase section */

/* Begin PBXGroup section */
		E186C3752270134C004442BB = {
			isa = PBXGroup;
			children = (
				E186C3802270134C004442BB /* test */,
				E186C3952270134D004442BB /* testTests */,
				E186C3A02270134D004442BB /* testUITests */,
				E186C37F2270134C004442BB /* Products */,
			);
			sourceTree = "<group>";
		};
		E186C37F2270134C004442BB /* Products */ = {
			isa = PBXGroup;
			children = (
				E186C37E2270134C004442BB /* test.app */,
				E186C3922270134D004442BB /* testTests.xctest */,
				E186C39D2270134D004442BB /* testUITests.xctest */,
			);
			name = Products;
			sourceTree = "<group>";
		};
		E186C3802270134C004442BB /* test */ = {
			isa = PBXGroup;
			children = (
				E186C3812270134C004442BB /* AppDelegate.swift */,
				E186C3832270134C004442BB /* ViewController.swift */,
				E186C3852270134C004442BB /* Main.storyboard */,
				E186C3882270134D004442BB /* Assets.xcassets */,
				E186C38A2270134D004442BB /* LaunchScreen.storyboard */,
				E186C38D2270134D004442BB /* Info.plist */,
				E186C3AF2270139A004442BB /* sub2.swift */,
			);
			path = test;
			sourceTree = "<group>";
		};
		E186C3952270134D004442BB /* testTests */ = {
			isa = PBXGroup;
			children = (
				E186C3962270134D004442BB /* testTests.swift */,
				E186C3982270134D004442BB /* Info.plist */,
			);
			path = testTests;
			sourceTree = "<group>";
		};
		E186C3A02270134D004442BB /* testUITests */ = {
			isa = PBXGroup;
			children = (
				E186C3A12270134E004442BB /* testUITests.swift */,
				E186C3A32270134E004442BB /* Info.plist */,
			);
			path = testUITests;
			sourceTree = "<group>";
		};
/* End PBXGroup section */

/* Begin PBXNativeTarget section */
		E186C37D2270134C004442BB /* test */ = {
			isa = PBXNativeTarget;
			buildConfigurationList = E186C3A62270134E004442BB /* Build configuration list for PBXNativeTarget "test" */;
			buildPhases = (
				E186C37A2270134C004442BB /* Sources */,
				E186C37B2270134C004442BB /* Frameworks */,
				E186C37C2270134C004442BB /* Resources */,
			);
			buildRules = (
			);
			dependencies = (
			);
			name = test;
			productName = test;
			productReference = E186C37E2270134C004442BB /* test.app */;
			productType = "com.apple.product-type.application";
		};
		E186C3912270134D004442BB /* testTests */ = {
			isa = PBXNativeTarget;
			buildConfigurationList = E186C3A92270134E004442BB /* Build configuration list for PBXNativeTarget "testTests" */;
			buildPhases = (
				E186C38E2270134D004442BB /* Sources */,
				E186C38F2270134D004442BB /* Frameworks */,
				E186C3902270134D004442BB /* Resources */,
			);
			buildRules = (
			);
			dependencies = (
				E186C3942270134D004442BB /* PBXTargetDependency */,
			);
			name = testTests;
			productName = testTests;
			productReference = E186C3922270134D004442BB /* testTests.xctest */;
			productType = "com.apple.product-type.bundle.unit-test";
		};
		E186C39C2270134D004442BB /* testUITests */ = {
			isa = PBXNativeTarget;
			buildConfigurationList = E186C3AC2270134E004442BB /* Build configuration list for PBXNativeTarget "testUITests" */;
			buildPhases = (
				E186C3992270134D004442BB /* Sources */,
				E186C39A2270134D004442BB /* Frameworks */,
				E186C39B2270134D004442BB /* Resources */,
			);
			buildRules = (
			);
			dependencies = (
				E186C39F2270134D004442BB /* PBXTargetDependency */,
			);
			name = testUITests;
			productName = testUITests;
			productReference = E186C39D2270134D004442BB /* testUITests.xctest */;
			productType = "com.apple.product-type.bundle.ui-testing";
		};
/* End PBXNativeTarget section */

/* Begin PBXProject section */
		E186C3762270134C004442BB /* Project object */ = {
			isa = PBXProject;
			attributes = {
				LastSwiftUpdateCheck = 1010;
				LastUpgradeCheck = 1010;
				ORGANIZATIONNAME = odarikuto;
				TargetAttributes = {
					E186C37D2270134C004442BB = {
						CreatedOnToolsVersion = 10.1;
					};
					E186C3912270134D004442BB = {
						CreatedOnToolsVersion = 10.1;
						TestTargetID = E186C37D2270134C004442BB;
					};
					E186C39C2270134D004442BB = {
						CreatedOnToolsVersion = 10.1;
						TestTargetID = E186C37D2270134C004442BB;
					};
				};
			};
			buildConfigurationList = E186C3792270134C004442BB /* Build configuration list for PBXProject "test" */;
			compatibilityVersion = "Xcode 9.3";
			developmentRegion = en;
			hasScannedForEncodings = 0;
			knownRegions = (
				en,
				Base,
			);
			mainGroup = E186C3752270134C004442BB;
			productRefGroup = E186C37F2270134C004442BB /* Products */;
			projectDirPath = "";
			projectRoot = "";
			targets = (
				E186C37D2270134C004442BB /* test */,
				E186C3912270134D004442BB /* testTests */,
				E186C39C2270134D004442BB /* testUITests */,
			);
		};
/* End PBXProject section */

/* Begin PBXResourcesBuildPhase section */
		E186C37C2270134C004442BB /* Resources */ = {
			isa = PBXResourcesBuildPhase;
			buildActionMask = 2147483647;
			files = (
				E186C38C2270134D004442BB /* LaunchScreen.storyboard in Resources */,
				E186C3892270134D004442BB /* Assets.xcassets in Resources */,
				E186C3872270134C004442BB /* Main.storyboard in Resources */,
			);
			runOnlyForDeploymentPostprocessing = 0;
		};
		E186C3902270134D004442BB /* Resources */ = {
			isa = PBXResourcesBuildPhase;
			buildActionMask = 2147483647;
			files = (
			);
			runOnlyForDeploymentPostprocessing = 0;
		};
		E186C39B2270134D004442BB /* Resources */ = {
			isa = PBXResourcesBuildPhase;
			buildActionMask = 2147483647;
			files = (
			);
			runOnlyForDeploymentPostprocessing = 0;
		};
/* End PBXResourcesBuildPhase section */

/* Begin PBXSourcesBuildPhase section */
		E186C37A2270134C004442BB /* Sources */ = {
			isa = PBXSourcesBuildPhase;
			buildActionMask = 2147483647;
			files = (
				E186C3842270134C004442BB /* ViewController.swift in Sources */,
				E186C3B02270139A004442BB /* sub2.swift in Sources */,
				E186C3822270134C004442BB /* AppDelegate.swift in Sources */,
			);
			runOnlyForDeploymentPostprocessing = 0;
		};
		E186C38E2270134D004442BB /* Sources */ = {
			isa = PBXSourcesBuildPhase;
			buildActionMask = 2147483647;
			files = (
				E186C3972270134D004442BB /* testTests.swift in Sources */,
			);
			runOnlyForDeploymentPostprocessing = 0;
		};
		E186C3992270134D004442BB /* Sources */ = {
			isa = PBXSourcesBuildPhase;
			buildActionMask = 2147483647;
			files = (
				E186C3A22270134E004442BB /* testUITests.swift in Sources */,
			);
			runOnlyForDeploymentPostprocessing = 0;
		};
/* End PBXSourcesBuildPhase section */

/* Begin PBXTargetDependency section */
		E186C3942270134D004442BB /* PBXTargetDependency */ = {
			isa = PBXTargetDependency;
			target = E186C37D2270134C004442BB /* test */;
			targetProxy = E186C3932270134D004442BB /* PBXContainerItemProxy */;
		};
		E186C39F2270134D004442BB /* PBXTargetDependency */ = {
			isa = PBXTargetDependency;
			target = E186C37D2270134C004442BB /* test */;
			targetProxy = E186C39E2270134D004442BB /* PBXContainerItemProxy */;
		};
/* End PBXTargetDependency section */

/* Begin PBXVariantGroup section */
		E186C3852270134C004442BB /* Main.storyboard */ = {
			isa = PBXVariantGroup;
			children = (
				E186C3862270134C004442BB /* Base */,
			);
			name = Main.storyboard;
			sourceTree = "<group>";
		};
		E186C38A2270134D004442BB /* LaunchScreen.storyboard */ = {
			isa = PBXVariantGroup;
			children = (
				E186C38B2270134D004442BB /* Base */,
			);
			name = LaunchScreen.storyboard;
			sourceTree = "<group>";
		};
/* End PBXVariantGroup section */

/* Begin XCBuildConfiguration section */
		E186C3A42270134E004442BB /* Debug */ = {
			isa = XCBuildConfiguration;
			buildSettings = {
				ALWAYS_SEARCH_USER_PATHS = NO;
				CLANG_ANALYZER_NONNULL = YES;
				CLANG_ANALYZER_NUMBER_OBJECT_CONVERSION = YES_AGGRESSIVE;
				CLANG_CXX_LANGUAGE_STANDARD = "gnu++14";
				CLANG_CXX_LIBRARY = "libc++";
				CLANG_ENABLE_MODULES = YES;
				CLANG_ENABLE_OBJC_ARC = YES;
				CLANG_ENABLE_OBJC_WEAK = YES;
				CLANG_WARN_BLOCK_CAPTURE_AUTORELEASING = YES;
				CLANG_WARN_BOOL_CONVERSION = YES;
				CLANG_WARN_COMMA = YES;
				CLANG_WARN_CONSTANT_CONVERSION = YES;
				CLANG_WARN_DEPRECATED_OBJC_IMPLEMENTATIONS = YES;
				CLANG_WARN_DIRECT_OBJC_ISA_USAGE = YES_ERROR;
				CLANG_WARN_DOCUMENTATION_COMMENTS = YES;
				CLANG_WARN_EMPTY_BODY = YES;
				CLANG_WARN_ENUM_CONVERSION = YES;
				CLANG_WARN_INFINITE_RECURSION = YES;
				CLANG_WARN_INT_CONVERSION = YES;
				CLANG_WARN_NON_LITERAL_NULL_CONVERSION = YES;
				CLANG_WARN_OBJC_IMPLICIT_RETAIN_SELF = YES;
				CLANG_WARN_OBJC_LITERAL_CONVERSION = YES;
				CLANG_WARN_OBJC_ROOT_CLASS = YES_ERROR;
				CLANG_WARN_RANGE_LOOP_ANALYSIS = YES;
				CLANG_WARN_STRICT_PROTOTYPES = YES;
				CLANG_WARN_SUSPICIOUS_MOVE = YES;
				CLANG_WARN_UNGUARDED_AVAILABILITY = YES_AGGRESSIVE;
				CLANG_WARN_UNREACHABLE_CODE = YES;
				CLANG_WARN__DUPLICATE_METHOD_MATCH = YES;
				CODE_SIGN_IDENTITY = "iPhone Developer";
				COPY_PHASE_STRIP = NO;
				DEBUG_INFORMATION_FORMAT = dwarf;
				ENABLE_STRICT_OBJC_MSGSEND = YES;
				ENABLE_TESTABILITY = YES;
				GCC_C_LANGUAGE_STANDARD = gnu11;
				GCC_DYNAMIC_NO_PIC = NO;
				GCC_NO_COMMON_BLOCKS = YES;
				GCC_OPTIMIZATION_LEVEL = 0;
				GCC_PREPROCESSOR_DEFINITIONS = (
					"DEBUG=1",
					"$(inherited)",
				);
				GCC_WARN_64_TO_32_BIT_CONVERSION = YES;
				GCC_WARN_ABOUT_RETURN_TYPE = YES_ERROR;
				GCC_WARN_UNDECLARED_SELECTOR = YES;
				GCC_WARN_UNINITIALIZED_AUTOS = YES_AGGRESSIVE;
				GCC_WARN_UNUSED_FUNCTION = YES;
				GCC_WARN_UNUSED_VARIABLE = YES;
				IPHONEOS_DEPLOYMENT_TARGET = 12.1;
				MTL_ENABLE_DEBUG_INFO = INCLUDE_SOURCE;
				MTL_FAST_MATH = YES;
				ONLY_ACTIVE_ARCH = YES;
				SDKROOT = iphoneos;
				SWIFT_ACTIVE_COMPILATION_CONDITIONS = DEBUG;
				SWIFT_OPTIMIZATION_LEVEL = "-Onone";
			};
			name = Debug;
		};
		E186C3A52270134E004442BB /* Release */ = {
			isa = XCBuildConfiguration;
			buildSettings = {
				ALWAYS_SEARCH_USER_PATHS = NO;
				CLANG_ANALYZER_NONNULL = YES;
				CLANG_ANALYZER_NUMBER_OBJECT_CONVERSION = YES_AGGRESSIVE;
				CLANG_CXX_LANGUAGE_STANDARD = "gnu++14";
				CLANG_CXX_LIBRARY = "libc++";
				CLANG_ENABLE_MODULES = YES;
				CLANG_ENABLE_OBJC_ARC = YES;
				CLANG_ENABLE_OBJC_WEAK = YES;
				CLANG_WARN_BLOCK_CAPTURE_AUTORELEASING = YES;
				CLANG_WARN_BOOL_CONVERSION = YES;
				CLANG_WARN_COMMA = YES;
				CLANG_WARN_CONSTANT_CONVERSION = YES;
				CLANG_WARN_DEPRECATED_OBJC_IMPLEMENTATIONS = YES;
				CLANG_WARN_DIRECT_OBJC_ISA_USAGE = YES_ERROR;
				CLANG_WARN_DOCUMENTATION_COMMENTS = YES;
				CLANG_WARN_EMPTY_BODY = YES;
				CLANG_WARN_ENUM_CONVERSION = YES;
				CLANG_WARN_INFINITE_RECURSION = YES;
				CLANG_WARN_INT_CONVERSION = YES;
				CLANG_WARN_NON_LITERAL_NULL_CONVERSION = YES;
				CLANG_WARN_OBJC_IMPLICIT_RETAIN_SELF = YES;
				CLANG_WARN_OBJC_LITERAL_CONVERSION = YES;
				CLANG_WARN_OBJC_ROOT_CLASS = YES_ERROR;
				CLANG_WARN_RANGE_LOOP_ANALYSIS = YES;
				CLANG_WARN_STRICT_PROTOTYPES = YES;
				CLANG_WARN_SUSPICIOUS_MOVE = YES;
				CLANG_WARN_UNGUARDED_AVAILABILITY = YES_AGGRESSIVE;
				CLANG_WARN_UNREACHABLE_CODE = YES;
				CLANG_WARN__DUPLICATE_METHOD_MATCH = YES;
				CODE_SIGN_IDENTITY = "iPhone Developer";
				COPY_PHASE_STRIP = NO;
				DEBUG_INFORMATION_FORMAT = "dwarf-with-dsym";
				ENABLE_NS_ASSERTIONS = NO;
				ENABLE_STRICT_OBJC_MSGSEND = YES;
				GCC_C_LANGUAGE_STANDARD = gnu11;
				GCC_NO_COMMON_BLOCKS = YES;
				GCC_WARN_64_TO_32_BIT_CONVERSION = YES;
				GCC_WARN_ABOUT_RETURN_TYPE = YES_ERROR;
				GCC_WARN_UNDECLARED_SELECTOR = YES;
				GCC_WARN_UNINITIALIZED_AUTOS = YES_AGGRESSIVE;
				GCC_WARN_UNUSED_FUNCTION = YES;
				GCC_WARN_UNUSED_VARIABLE = YES;
				IPHONEOS_DEPLOYMENT_TARGET = 12.1;
				MTL_ENABLE_DEBUG_INFO = NO;
				MTL_FAST_MATH = YES;
				SDKROOT = iphoneos;
				SWIFT_COMPILATION_MODE = wholemodule;
				SWIFT_OPTIMIZATION_LEVEL = "-O";
				VALIDATE_PRODUCT = YES;
			};
			name = Release;
		};
		E186C3A72270134E004442BB /* Debug */ = {
			isa = XCBuildConfiguration;
			buildSettings = {
				ASSETCATALOG_COMPILER_APPICON_NAME = AppIcon;
				CODE_SIGN_STYLE = Automatic;
				INFOPLIST_FILE = test/Info.plist;
				LD_RUNPATH_SEARCH_PATHS = (
					"$(inherited)",
					"@executable_path/Frameworks",
				);
				PRODUCT_BUNDLE_IDENTIFIER = com.example.test;
				PRODUCT_NAME = "$(TARGET_NAME)";
				SWIFT_VERSION = 4.2;
				TARGETED_DEVICE_FAMILY = "1,2";
			};
			name = Debug;
		};
		E186C3A82270134E004442BB /* Release */ = {
			isa = XCBuildConfiguration;
			buildSettings = {
				ASSETCATALOG_COMPILER_APPICON_NAME = AppIcon;
				CODE_SIGN_STYLE = Automatic;
				INFOPLIST_FILE = test/Info.plist;
				LD_RUNPATH_SEARCH_PATHS = (
					"$(inherited)",
					"@executable_path/Frameworks",
				);
				PRODUCT_BUNDLE_IDENTIFIER = com.example.test;
				PRODUCT_NAME = "$(TARGET_NAME)";
				SWIFT_VERSION = 4.2;
				TARGETED_DEVICE_FAMILY = "1,2";
			};
			name = Release;
		};
		E186C3AA2270134E004442BB /* Debug */ = {
			isa = XCBuildConfiguration;
			buildSettings = {
				ALWAYS_EMBED_SWIFT_STANDARD_LIBRARIES = YES;
				BUNDLE_LOADER = "$(TEST_HOST)";
				CODE_SIGN_STYLE = Automatic;
				INFOPLIST_FILE = testTests/Info.plist;
				LD_RUNPATH_SEARCH_PATHS = (
					"$(inherited)",
					"@executable_path/Frameworks",
					"@loader_path/Frameworks",
				);
				PRODUCT_BUNDLE_IDENTIFIER = com.example.testTests;
				PRODUCT_NAME = "$(TARGET_NAME)";
				SWIFT_VERSION = 4.2;
				TARGETED_DEVICE_FAMILY = "1,2";
				TEST_HOST = "$(BUILT_PRODUCTS_DIR)/test.app/test";
			};
			name = Debug;
		};
		E186C3AB2270134E004442BB /* Release */ = {
			isa = XCBuildConfiguration;
			buildSettings = {
				ALWAYS_EMBED_SWIFT_STANDARD_LIBRARIES = YES;
				BUNDLE_LOADER = "$(TEST_HOST)";
				CODE_SIGN_STYLE = Automatic;
				INFOPLIST_FILE = testTests/Info.plist;
				LD_RUNPATH_SEARCH_PATHS = (
					"$(inherited)",
					"@executable_path/Frameworks",
					"@loader_path/Frameworks",
				);
				PRODUCT_BUNDLE_IDENTIFIER = com.example.testTests;
				PRODUCT_NAME = "$(TARGET_NAME)";
				SWIFT_VERSION = 4.2;
				TARGETED_DEVICE_FAMILY = "1,2";
				TEST_HOST = "$(BUILT_PRODUCTS_DIR)/test.app/test";
			};
			name = Release;
		};
		E186C3AD2270134E004442BB /* Debug */ = {
			isa = XCBuildConfiguration;
			buildSettings = {
				ALWAYS_EMBED_SWIFT_STANDARD_LIBRARIES = YES;
				CODE_SIGN_STYLE = Automatic;
				INFOPLIST_FILE = testUITests/Info.plist;
				LD_RUNPATH_SEARCH_PATHS = (
					"$(inherited)",
					"@executable_path/Frameworks",
					"@loader_path/Frameworks",
				);
				PRODUCT_BUNDLE_IDENTIFIER = com.example.testUITests;
				PRODUCT_NAME = "$(TARGET_NAME)";
				SWIFT_VERSION = 4.2;
				TARGETED_DEVICE_FAMILY = "1,2";
				TEST_TARGET_NAME = test;
			};
			name = Debug;
		};
		E186C3AE2270134E004442BB /* Release */ = {
			isa = XCBuildConfiguration;
			buildSettings = {
				ALWAYS_EMBED_SWIFT_STANDARD_LIBRARIES = YES;
				CODE_SIGN_STYLE = Automatic;
				INFOPLIST_FILE = testUITests/Info.plist;
				LD_RUNPATH_SEARCH_PATHS = (
					"$(inherited)",
					"@executable_path/Frameworks",
					"@loader_path/Frameworks",
				);
				PRODUCT_BUNDLE_IDENTIFIER = com.example.testUITests;
				PRODUCT_NAME = "$(TARGET_NAME)";
				SWIFT_VERSION = 4.2;
				TARGETED_DEVICE_FAMILY = "1,2";
				TEST_TARGET_NAME = test;
			};
			name = Release;
		};
/* End XCBuildConfiguration section */

/* Begin XCConfigurationList section */
		E186C3792270134C004442BB /* Build configuration list for PBXProject "test" */ = {
			isa = XCConfigurationList;
			buildConfigurations = (
				E186C3A42270134E004442BB /* Debug */,
				E186C3A52270134E004442BB /* Release */,
			);
			defaultConfigurationIsVisible = 0;
			defaultConfigurationName = Release;
		};
		E186C3A62270134E004442BB /* Build configuration list for PBXNativeTarget "test" */ = {
			isa = XCConfigurationList;
			buildConfigurations = (
				E186C3A72270134E004442BB /* Debug */,
				E186C3A82270134E004442BB /* Release */,
			);
			defaultConfigurationIsVisible = 0;
			defaultConfigurationName = Release;
		};
		E186C3A92270134E004442BB /* Build configuration list for PBXNativeTarget "testTests" */ = {
			isa = XCConfigurationList;
			buildConfigurations = (
				E186C3AA2270134E004442BB /* Debug */,
				E186C3AB2270134E004442BB /* Release */,
			);
			defaultConfigurationIsVisible = 0;
			defaultConfigurationName = Release;
		};
		E186C3AC2270134E004442BB /* Build configuration list for PBXNativeTarget "testUITests" */ = {
			isa = XCConfigurationList;
			buildConfigurations = (
				E186C3AD2270134E004442BB /* Debug */,
				E186C3AE2270134E004442BB /* Release */,
			);
			defaultConfigurationIsVisible = 0;
			defaultConfigurationName = Release;
		};
/* End XCConfigurationList section */
	};
	rootObject = E186C3762270134C004442BB /* Project object */;
}
